PODS:
  - DynamicButton (6.2.1)
  - Eureka (5.3.6)
  - IGListDiffKit (4.0.0)
  - IGListKit (4.0.0):
    - IGListDiffKit (= 4.0.0)
  - Realm (10.28.6):
    - Realm/Headers (= 10.28.6)
  - Realm/Headers (10.28.6)
  - RealmSwift (10.28.6):
    - Realm (= 10.28.6)
  - REFrostedViewController (2.4.8)
  - RIBs (0.9.3):
    - RxRelay (~> 6.0.0)
    - RxSwift (~> 6.0.0)
  - RxCocoa (6.0.0):
    - RxRelay (= 6.0.0)
    - RxSwift (= 6.0.0)
  - RxRelay (6.0.0):
    - RxSwift (= 6.0.0)
  - RxSwift (6.0.0)
  - SnapKit (5.6.0)
  - SVProgressHUD (2.2.5)
  - TransitionButton (0.5.3)

DEPENDENCIES:
  - DynamicButton
  - Eureka
  - IGListKit
  - Realm
  - RealmSwift
  - REFrostedViewController
  - RIBs (from `../../../`)
  - RxCocoa (~> 6.0.0)
  - SnapKit (~> 5.6.0)
  - SVProgressHUD
  - TransitionButton

SPEC REPOS:
  trunk:
    - DynamicButton
    - Eureka
    - IGListDiffKit
    - IGListKit
    - Realm
    - RealmSwift
    - REFrostedViewController
    - RxCocoa
    - RxRelay
    - RxSwift
    - SnapKit
    - SVProgressHUD
    - TransitionButton

EXTERNAL SOURCES:
  RIBs:
    :path: "../../../"

SPEC CHECKSUMS:
  DynamicButton: 95f30460793bd3510a5c213ac1b810a5e3d54b6a
  Eureka: 28ad9dec6286cd7cd601fdf8e8df39bb7356a8f4
  IGListDiffKit: 665d6cf43ce726e676013db9c7d6c4294259b6b2
  IGListKit: fd5a5d21935298f5849fa49d426843cff97b77c7
  Realm: 9b12f16a14446d7d46a9e36225d0a0332a6ec739
  RealmSwift: 5927726fce21005f43b1fb57c832297a22031bfc
  REFrostedViewController: a893b4979ba1f200c547aef9ff4c3fd5a18f5923
  RIBs: dd8df1129289d51ed4fec6e2127613d9eaba204e
  RxCocoa: 3f79328fafa3645b34600f37c31e64c73ae3a80e
  RxRelay: 8d593be109c06ea850df027351beba614b012ffb
  RxSwift: c14e798c59b9f6e9a2df8fd235602e85cc044295
  SnapKit: e01d52ebb8ddbc333eefe2132acf85c8227d9c25
  SVProgressHUD: 1428aafac632c1f86f62aa4243ec12008d7a51d6
  TransitionButton: 36283346e17c64775a1b3bc3a7a72940a367de1f

PODFILE CHECKSUM: 4c1790c1b08b0c45e30eefdf79659f66bc5eb377

COCOAPODS: 1.11.3
